{
  "version": 4,
  "terraform_version": "1.13.5",
  "serial": 34,
  "lineage": "80bc1f25-5edc-3b0c-4b87-03046b9964ae",
  "outputs": {
    "cluster_endpoint": {
      "value": "https://55CE9FBA89CE899FCDCE090140C8D27C.gr7.us-east-1.eks.amazonaws.com",
      "type": "string"
    },
    "cluster_name": {
      "value": "mykubernetes",
      "type": "string"
    },
    "cluster_role_arn": {
      "value": "arn:aws:iam::387364506026:role/LabRole",
      "type": "string"
    }
  },
  "resources": [
    {
      "mode": "managed",
      "type": "aws_eks_cluster",
      "name": "my_cluster",
      "provider": "provider[\"registry.terraform.io/hashicorp/aws\"]",
      "instances": [
        {
          "schema_version": 1,
          "attributes": {
            "access_config": [
              {
                "authentication_mode": "CONFIG_MAP",
                "bootstrap_cluster_creator_admin_permissions": true
              }
            ],
            "arn": "arn:aws:eks:us-east-1:387364506026:cluster/mykubernetes",
            "bootstrap_self_managed_addons": true,
            "certificate_authority": [
              {
                "data": "LS0tLS1CRUdJTiBDRVJUSUZJQ0FURS0tLS0tCk1JSURCVENDQWUyZ0F3SUJBZ0lJQ1ZMUmE2bU1hVkl3RFFZSktvWklodmNOQVFFTEJRQXdGVEVUTUJFR0ExVUUKQXhNS2EzVmlaWEp1WlhSbGN6QWVGdzB5TlRFeE1qZ3dPREl5TXpWYUZ3MHpOVEV4TWpZd09ESTNNelZhTUJVeApFekFSQmdOVkJBTVRDbXQxWW1WeWJtVjBaWE13Z2dFaU1BMEdDU3FHU0liM0RRRUJBUVVBQTRJQkR3QXdnZ0VLCkFvSUJBUURRUXluWUZaSTNtZTR0aGtsMlEwMVViTy9lQ0V6L21FY2NUVmJnVFFuanNqUXZzTEVWTWQxMHA1VFMKM1dLOEFydHQ4bElvUHNDSHFZK052UHZaQWxpQlV6Sk9zM3FuZXp4YjF6N2tOa2VGNSt2Q0sxTThXR1FkT1NOZQp0a3pzU3dxaWI3b0pWQS9za2dnYVBtRERBYnFLM05DQ0hCWjAzeHVibW1QWDhRVngzMGVxV0VOMWk1M1l3SHhWCklRSWs5NktLYjZhNGRsbEIvT3VDNnVBclZuZkovOFNBNjJHQ3M3ZXNyajZvNlllU1ZWeXlJeG1IbmcvU0ptenkKdjdjdGQwSVRRYmhuL0lqSVN3VnY3a294WU15SEFka3BNRlpra3VvaFlrVjhSZjlTRVJkUkd2amQzNlNvamN2dgpBYmRiNHZzOHMydGdxdDhNU1Z3a3BnK0l3R0hiQWdNQkFBR2pXVEJYTUE0R0ExVWREd0VCL3dRRUF3SUNwREFQCkJnTlZIUk1CQWY4RUJUQURBUUgvTUIwR0ExVWREZ1FXQkJTVzMrcWRiZDlKMjUyQis5c2t5YTY1Z1pLUnBUQVYKQmdOVkhSRUVEakFNZ2dwcmRXSmxjbTVsZEdWek1BMEdDU3FHU0liM0RRRUJDd1VBQTRJQkFRQlNNVDQ2aWk4Ywovc3lBSnViU0ZnZEx0TWhtcC9vUXFVWDlxMzdRNFN5L1RzMGtnSmpPYThIeDZwQmwzWE9QYTVvUEV1cnZhSC9hClNNdjB2UlZIaUZCV1lvNDZKRUs1Z204WWxkZGk4T084ZFhFaUhWN29aTUo2M1JTSzNVcWJ3MWRWSUZPaGtiRmIKQWp4aEtWdm0rWEMwWW5LRUxqSU5lQnhaTlVpZlNtMmY1SlIvdFpVcmQrS1NsdDhnQWszaGN2RUFNN2NDYmJmWgpQV3VpUnJONUIxM09kVHJVZHV4Q0ZwMlFIcmpReTRDVk5UMlJzOWhxTmtZVE1pRU1JVDVOWmkvSHZoWmJDb0FzCk16WTlIMituV1MrZTFFVkJueWt4Rk91MkxkdDlJSW1wTkpnMHlUZEN4cWl5c0dHMGVqdlhkaGNCbkh5TkJUTHUKU3BQSEVkcTFrTW50Ci0tLS0tRU5EIENFUlRJRklDQVRFLS0tLS0K"
              }
            ],
            "cluster_id": null,
            "compute_config": [
              {
                "enabled": false,
                "node_pools": [],
                "node_role_arn": ""
              }
            ],
            "created_at": "2025-11-28T08:21:59Z",
            "deletion_protection": false,
            "enabled_cluster_log_types": null,
            "encryption_config": [],
            "endpoint": "https://55CE9FBA89CE899FCDCE090140C8D27C.gr7.us-east-1.eks.amazonaws.com",
            "force_update_version": null,
            "id": "mykubernetes",
            "identity": [
              {
                "oidc": [
                  {
                    "issuer": "https://oidc.eks.us-east-1.amazonaws.com/id/55CE9FBA89CE899FCDCE090140C8D27C"
                  }
                ]
              }
            ],
            "kubernetes_network_config": [
              {
                "elastic_load_balancing": [
                  {
                    "enabled": false
                  }
                ],
                "ip_family": "ipv4",
                "service_ipv4_cidr": "10.100.0.0/16",
                "service_ipv6_cidr": ""
              }
            ],
            "name": "mykubernetes",
            "outpost_config": [],
            "platform_version": "eks.54",
            "region": "us-east-1",
            "remote_network_config": [],
            "role_arn": "arn:aws:iam::387364506026:role/LabRole",
            "status": "ACTIVE",
            "storage_config": [
              {
                "block_storage": [
                  {
                    "enabled": false
                  }
                ]
              }
            ],
            "tags": null,
            "tags_all": {},
            "timeouts": null,
            "upgrade_policy": [
              {
                "support_type": "EXTENDED"
              }
            ],
            "version": "1.30",
            "vpc_config": [
              {
                "cluster_security_group_id": "sg-0d3d17d78721f89ee",
                "endpoint_private_access": false,
                "endpoint_public_access": true,
                "public_access_cidrs": [
                  "0.0.0.0/0"
                ],
                "security_group_ids": [
                  "sg-05661a6f92f8924e6"
                ],
                "subnet_ids": [
                  "subnet-02cdac93ab4752d48",
                  "subnet-0875d677e0fd4275b",
                  "subnet-0c2f8648097b5a631"
                ],
                "vpc_id": "vpc-02bc069273df78b1d"
              }
            ],
            "zonal_shift_config": []
          },
          "sensitive_attributes": [],
          "identity_schema_version": 0,
          "private": "eyJlMmJmYjczMC1lY2FhLTExZTYtOGY4OC0zNDM2M2JjN2M0YzAiOnsiY3JlYXRlIjoxODAwMDAwMDAwMDAwLCJkZWxldGUiOjkwMDAwMDAwMDAwMCwidXBkYXRlIjozNjAwMDAwMDAwMDAwfSwic2NoZW1hX3ZlcnNpb24iOiIxIn0=",
          "dependencies": [
            "aws_security_group.eks_cluster_sg"
          ]
        }
      ]
    },
    {
      "mode": "managed",
      "type": "aws_eks_node_group",
      "name": "my_node_group",
      "provider": "provider[\"registry.terraform.io/hashicorp/aws\"]",
      "instances": [
        {
          "schema_version": 0,
          "attributes": {
            "ami_type": "AL2023_x86_64_STANDARD",
            "arn": "arn:aws:eks:us-east-1:387364506026:nodegroup/mykubernetes/noeud1/f6cd64ca-574a-f75a-234d-3d1f874cce8a",
            "capacity_type": "ON_DEMAND",
            "cluster_name": "mykubernetes",
            "disk_size": 20,
            "force_update_version": null,
            "id": "mykubernetes:noeud1",
            "instance_types": [
              "t3.medium"
            ],
            "labels": null,
            "launch_template": [],
            "node_group_name": "noeud1",
            "node_group_name_prefix": "",
            "node_repair_config": [],
            "node_role_arn": "arn:aws:iam::387364506026:role/LabRole",
            "region": "us-east-1",
            "release_version": "1.30.14-20251120",
            "remote_access": [],
            "resources": [
              {
                "autoscaling_groups": [
                  {
                    "name": "eks-noeud1-f6cd64ca-574a-f75a-234d-3d1f874cce8a"
                  }
                ],
                "remote_access_security_group_id": ""
              }
            ],
            "scaling_config": [
              {
                "desired_size": 2,
                "max_size": 3,
                "min_size": 1
              }
            ],
            "status": "ACTIVE",
            "subnet_ids": [
              "subnet-02cdac93ab4752d48",
              "subnet-0875d677e0fd4275b",
              "subnet-0c2f8648097b5a631"
            ],
            "tags": null,
            "tags_all": {},
            "taint": [],
            "timeouts": null,
            "update_config": [
              {
                "max_unavailable": 1,
                "max_unavailable_percentage": 0
              }
            ],
            "version": "1.30"
          },
          "sensitive_attributes": [],
          "identity_schema_version": 0,
          "private": "eyJlMmJmYjczMC1lY2FhLTExZTYtOGY4OC0zNDM2M2JjN2M0YzAiOnsiY3JlYXRlIjozNjAwMDAwMDAwMDAwLCJkZWxldGUiOjM2MDAwMDAwMDAwMDAsInVwZGF0ZSI6MzYwMDAwMDAwMDAwMH19",
          "dependencies": [
            "aws_eks_cluster.my_cluster",
            "aws_security_group.eks_cluster_sg"
          ]
        }
      ]
    },
    {
      "mode": "managed",
      "type": "aws_security_group",
      "name": "eks_cluster_sg",
      "provider": "provider[\"registry.terraform.io/hashicorp/aws\"]",
      "instances": [
        {
          "schema_version": 1,
          "attributes": {
            "arn": "arn:aws:ec2:us-east-1:387364506026:security-group/sg-05661a6f92f8924e6",
            "description": "Security group for EKS cluster mykubernetes",
            "egress": [
              {
                "cidr_blocks": [
                  "0.0.0.0/0"
                ],
                "description": "",
                "from_port": 0,
                "ipv6_cidr_blocks": [],
                "prefix_list_ids": [],
                "protocol": "-1",
                "security_groups": [],
                "self": false,
                "to_port": 0
              }
            ],
            "id": "sg-05661a6f92f8924e6",
            "ingress": [
              {
                "cidr_blocks": [
                  "0.0.0.0/0"
                ],
                "description": "",
                "from_port": 30000,
                "ipv6_cidr_blocks": [],
                "prefix_list_ids": [],
                "protocol": "tcp",
                "security_groups": [],
                "self": false,
                "to_port": 30000
              },
              {
                "cidr_blocks": [
                  "0.0.0.0/0"
                ],
                "description": "",
                "from_port": 8083,
                "ipv6_cidr_blocks": [],
                "prefix_list_ids": [],
                "protocol": "tcp",
                "security_groups": [],
                "self": false,
                "to_port": 8083
              }
            ],
            "name": "eks-cluster-sg-mykubernetes",
            "name_prefix": "",
            "owner_id": "387364506026",
            "region": "us-east-1",
            "revoke_rules_on_delete": false,
            "tags": {
              "Name": "eks-cluster-sg-mykubernetes"
            },
            "tags_all": {
              "Name": "eks-cluster-sg-mykubernetes"
            },
            "timeouts": null,
            "vpc_id": "vpc-02bc069273df78b1d"
          },
          "sensitive_attributes": [],
          "identity_schema_version": 0,
          "identity": {
            "account_id": "387364506026",
            "id": "sg-05661a6f92f8924e6",
            "region": "us-east-1"
          },
          "private": "eyJlMmJmYjczMC1lY2FhLTExZTYtOGY4OC0zNDM2M2JjN2M0YzAiOnsiY3JlYXRlIjo2MDAwMDAwMDAwMDAsImRlbGV0ZSI6OTAwMDAwMDAwMDAwfSwic2NoZW1hX3ZlcnNpb24iOiIxIn0="
        }
      ]
    },
    {
      "mode": "managed",
      "type": "aws_security_group",
      "name": "eks_worker_sg",
      "provider": "provider[\"registry.terraform.io/hashicorp/aws\"]",
      "instances": [
        {
          "schema_version": 1,
          "attributes": {
            "arn": "arn:aws:ec2:us-east-1:387364506026:security-group/sg-08adff9ab5c9b3d6a",
            "description": "Security group for EKS worker nodes mykubernetes",
            "egress": [
              {
                "cidr_blocks": [
                  "0.0.0.0/0"
                ],
                "description": "",
                "from_port": 0,
                "ipv6_cidr_blocks": [],
                "prefix_list_ids": [],
                "protocol": "-1",
                "security_groups": [],
                "self": false,
                "to_port": 0
              }
            ],
            "id": "sg-08adff9ab5c9b3d6a",
            "ingress": [
              {
                "cidr_blocks": [
                  "0.0.0.0/0"
                ],
                "description": "",
                "from_port": 30000,
                "ipv6_cidr_blocks": [],
                "prefix_list_ids": [],
                "protocol": "tcp",
                "security_groups": [],
                "self": false,
                "to_port": 30000
              },
              {
                "cidr_blocks": [
                  "0.0.0.0/0"
                ],
                "description": "",
                "from_port": 8083,
                "ipv6_cidr_blocks": [],
                "prefix_list_ids": [],
                "protocol": "tcp",
                "security_groups": [],
                "self": false,
                "to_port": 8083
              }
            ],
            "name": "eks-worker-sg-mykubernetes",
            "name_prefix": "",
            "owner_id": "387364506026",
            "region": "us-east-1",
            "revoke_rules_on_delete": false,
            "tags": {
              "Name": "eks-worker-sg-mykubernetes"
            },
            "tags_all": {
              "Name": "eks-worker-sg-mykubernetes"
            },
            "timeouts": null,
            "vpc_id": "vpc-02bc069273df78b1d"
          },
          "sensitive_attributes": [],
          "identity_schema_version": 0,
          "identity": {
            "account_id": "387364506026",
            "id": "sg-08adff9ab5c9b3d6a",
            "region": "us-east-1"
          },
          "private": "eyJlMmJmYjczMC1lY2FhLTExZTYtOGY4OC0zNDM2M2JjN2M0YzAiOnsiY3JlYXRlIjo2MDAwMDAwMDAwMDAsImRlbGV0ZSI6OTAwMDAwMDAwMDAwfSwic2NoZW1hX3ZlcnNpb24iOiIxIn0="
        }
      ]
    },
    {
      "mode": "managed",
      "type": "aws_vpc",
      "name": "my_vpc",
      "provider": "provider[\"registry.terraform.io/hashicorp/aws\"]",
      "instances": [
        {
          "schema_version": 1,
          "attributes": {
            "arn": "arn:aws:ec2:us-east-1:387364506026:vpc/vpc-05dfa9f926528a034",
            "assign_generated_ipv6_cidr_block": false,
            "cidr_block": "10.0.0.0/16",
            "default_network_acl_id": "acl-003725c7c9cbfaa28",
            "default_route_table_id": "rtb-0812fce49ef5c4692",
            "default_security_group_id": "sg-0b428a5ec044ccc29",
            "dhcp_options_id": "dopt-0d9f780bfef6e828f",
            "enable_dns_hostnames": false,
            "enable_dns_support": true,
            "enable_network_address_usage_metrics": false,
            "id": "vpc-05dfa9f926528a034",
            "instance_tenancy": "default",
            "ipv4_ipam_pool_id": null,
            "ipv4_netmask_length": null,
            "ipv6_association_id": "",
            "ipv6_cidr_block": "",
            "ipv6_cidr_block_network_border_group": "",
            "ipv6_ipam_pool_id": "",
            "ipv6_netmask_length": 0,
            "main_route_table_id": "rtb-0812fce49ef5c4692",
            "owner_id": "387364506026",
            "region": "us-east-1",
            "tags": {},
            "tags_all": {}
          },
          "sensitive_attributes": [],
          "identity_schema_version": 0,
          "identity": {
            "account_id": "387364506026",
            "id": "vpc-05dfa9f926528a034",
            "region": "us-east-1"
          },
          "private": "eyJzY2hlbWFfdmVyc2lvbiI6IjEifQ=="
        }
      ]
    }
  ],
  "check_results": null
}
