{
  "version": 4,
  "terraform_version": "1.13.5",
  "serial": 38,
  "lineage": "80bc1f25-5edc-3b0c-4b87-03046b9964ae",
  "outputs": {
    "cluster_endpoint": {
      "value": "https://55CE9FBA89CE899FCDCE090140C8D27C.gr7.us-east-1.eks.amazonaws.com",
      "type": "string"
    },
    "cluster_name": {
      "value": "mykubernetes",
      "type": "string"
    },
    "cluster_role_arn": {
      "value": "arn:aws:iam::387364506026:role/LabRole",
      "type": "string"
    }
  },
  "resources": [
    {
      "mode": "managed",
      "type": "aws_vpc",
      "name": "my_vpc",
      "provider": "provider[\"registry.terraform.io/hashicorp/aws\"]",
      "instances": [
        {
          "schema_version": 1,
          "attributes": {
            "arn": "arn:aws:ec2:us-east-1:387364506026:vpc/vpc-01933e9c179dc62c0",
            "assign_generated_ipv6_cidr_block": false,
            "cidr_block": "10.0.0.0/16",
            "default_network_acl_id": "acl-05577b49218440e6d",
            "default_route_table_id": "rtb-07cdbb095514878ea",
            "default_security_group_id": "sg-0f110c875a3ab796b",
            "dhcp_options_id": "dopt-0ac6a410a2d0d6b63",
            "enable_dns_hostnames": false,
            "enable_dns_support": true,
            "enable_network_address_usage_metrics": false,
            "id": "vpc-01933e9c179dc62c0",
            "instance_tenancy": "default",
            "ipv4_ipam_pool_id": null,
            "ipv4_netmask_length": null,
            "ipv6_association_id": "",
            "ipv6_cidr_block": "",
            "ipv6_cidr_block_network_border_group": "",
            "ipv6_ipam_pool_id": "",
            "ipv6_netmask_length": 0,
            "main_route_table_id": "rtb-07cdbb095514878ea",
            "owner_id": "387364506026",
            "region": "us-east-1",
            "tags": null,
            "tags_all": {}
          },
          "sensitive_attributes": [],
          "identity_schema_version": 0,
          "identity": {
            "account_id": "387364506026",
            "id": "vpc-01933e9c179dc62c0",
            "region": "us-east-1"
          },
          "private": "eyJzY2hlbWFfdmVyc2lvbiI6IjEifQ=="
        }
      ]
    }
  ],
  "check_results": null
}
