{
  "version": 4,
  "terraform_version": "1.13.5",
  "serial": 31,
  "lineage": "80bc1f25-5edc-3b0c-4b87-03046b9964ae",
  "outputs": {
    "cluster_endpoint": {
      "value": "https://DCB373FFF47F3FBAEF1EDE25558C7EE0.gr7.us-east-1.eks.amazonaws.com",
      "type": "string"
    },
    "cluster_name": {
      "value": "mykubernetes",
      "type": "string"
    },
    "cluster_role_arn": {
      "value": "arn:aws:iam::387364506026:role/LabRole",
      "type": "string"
    }
  },
  "resources": [
    {
      "mode": "managed",
      "type": "aws_security_group",
      "name": "eks_cluster_sg",
      "provider": "provider[\"registry.terraform.io/hashicorp/aws\"]",
      "instances": [
        {
          "schema_version": 1,
          "attributes": {
            "arn": "arn:aws:ec2:us-east-1:387364506026:security-group/sg-05661a6f92f8924e6",
            "description": "Security group for EKS cluster mykubernetes",
            "egress": [
              {
                "cidr_blocks": [
                  "0.0.0.0/0"
                ],
                "description": "",
                "from_port": 0,
                "ipv6_cidr_blocks": [],
                "prefix_list_ids": [],
                "protocol": "-1",
                "security_groups": [],
                "self": false,
                "to_port": 0
              }
            ],
            "id": "sg-05661a6f92f8924e6",
            "ingress": [
              {
                "cidr_blocks": [
                  "0.0.0.0/0"
                ],
                "description": "",
                "from_port": 30000,
                "ipv6_cidr_blocks": [],
                "prefix_list_ids": [],
                "protocol": "tcp",
                "security_groups": [],
                "self": false,
                "to_port": 30000
              },
              {
                "cidr_blocks": [
                  "0.0.0.0/0"
                ],
                "description": "",
                "from_port": 8083,
                "ipv6_cidr_blocks": [],
                "prefix_list_ids": [],
                "protocol": "tcp",
                "security_groups": [],
                "self": false,
                "to_port": 8083
              }
            ],
            "name": "eks-cluster-sg-mykubernetes",
            "name_prefix": "",
            "owner_id": "387364506026",
            "region": "us-east-1",
            "revoke_rules_on_delete": false,
            "tags": {
              "Name": "eks-cluster-sg-mykubernetes"
            },
            "tags_all": {
              "Name": "eks-cluster-sg-mykubernetes"
            },
            "timeouts": null,
            "vpc_id": "vpc-02bc069273df78b1d"
          },
          "sensitive_attributes": [],
          "identity_schema_version": 0,
          "identity": {
            "account_id": "387364506026",
            "id": "sg-05661a6f92f8924e6",
            "region": "us-east-1"
          },
          "private": "eyJlMmJmYjczMC1lY2FhLTExZTYtOGY4OC0zNDM2M2JjN2M0YzAiOnsiY3JlYXRlIjo2MDAwMDAwMDAwMDAsImRlbGV0ZSI6OTAwMDAwMDAwMDAwfSwic2NoZW1hX3ZlcnNpb24iOiIxIn0="
        }
      ]
    },
    {
      "mode": "managed",
      "type": "aws_security_group",
      "name": "eks_worker_sg",
      "provider": "provider[\"registry.terraform.io/hashicorp/aws\"]",
      "instances": [
        {
          "schema_version": 1,
          "attributes": {
            "arn": "arn:aws:ec2:us-east-1:387364506026:security-group/sg-08adff9ab5c9b3d6a",
            "description": "Security group for EKS worker nodes mykubernetes",
            "egress": [
              {
                "cidr_blocks": [
                  "0.0.0.0/0"
                ],
                "description": "",
                "from_port": 0,
                "ipv6_cidr_blocks": [],
                "prefix_list_ids": [],
                "protocol": "-1",
                "security_groups": [],
                "self": false,
                "to_port": 0
              }
            ],
            "id": "sg-08adff9ab5c9b3d6a",
            "ingress": [
              {
                "cidr_blocks": [
                  "0.0.0.0/0"
                ],
                "description": "",
                "from_port": 30000,
                "ipv6_cidr_blocks": [],
                "prefix_list_ids": [],
                "protocol": "tcp",
                "security_groups": [],
                "self": false,
                "to_port": 30000
              },
              {
                "cidr_blocks": [
                  "0.0.0.0/0"
                ],
                "description": "",
                "from_port": 8083,
                "ipv6_cidr_blocks": [],
                "prefix_list_ids": [],
                "protocol": "tcp",
                "security_groups": [],
                "self": false,
                "to_port": 8083
              }
            ],
            "name": "eks-worker-sg-mykubernetes",
            "name_prefix": "",
            "owner_id": "387364506026",
            "region": "us-east-1",
            "revoke_rules_on_delete": false,
            "tags": {
              "Name": "eks-worker-sg-mykubernetes"
            },
            "tags_all": {
              "Name": "eks-worker-sg-mykubernetes"
            },
            "timeouts": null,
            "vpc_id": "vpc-02bc069273df78b1d"
          },
          "sensitive_attributes": [],
          "identity_schema_version": 0,
          "identity": {
            "account_id": "387364506026",
            "id": "sg-08adff9ab5c9b3d6a",
            "region": "us-east-1"
          },
          "private": "eyJlMmJmYjczMC1lY2FhLTExZTYtOGY4OC0zNDM2M2JjN2M0YzAiOnsiY3JlYXRlIjo2MDAwMDAwMDAwMDAsImRlbGV0ZSI6OTAwMDAwMDAwMDAwfSwic2NoZW1hX3ZlcnNpb24iOiIxIn0="
        }
      ]
    },
    {
      "mode": "managed",
      "type": "aws_vpc",
      "name": "my_vpc",
      "provider": "provider[\"registry.terraform.io/hashicorp/aws\"]",
      "instances": [
        {
          "schema_version": 1,
          "attributes": {
            "arn": "arn:aws:ec2:us-east-1:387364506026:vpc/vpc-05dfa9f926528a034",
            "assign_generated_ipv6_cidr_block": false,
            "cidr_block": "10.0.0.0/16",
            "default_network_acl_id": "acl-003725c7c9cbfaa28",
            "default_route_table_id": "rtb-0812fce49ef5c4692",
            "default_security_group_id": "sg-0b428a5ec044ccc29",
            "dhcp_options_id": "dopt-0d9f780bfef6e828f",
            "enable_dns_hostnames": false,
            "enable_dns_support": true,
            "enable_network_address_usage_metrics": false,
            "id": "vpc-05dfa9f926528a034",
            "instance_tenancy": "default",
            "ipv4_ipam_pool_id": null,
            "ipv4_netmask_length": null,
            "ipv6_association_id": "",
            "ipv6_cidr_block": "",
            "ipv6_cidr_block_network_border_group": "",
            "ipv6_ipam_pool_id": "",
            "ipv6_netmask_length": 0,
            "main_route_table_id": "rtb-0812fce49ef5c4692",
            "owner_id": "387364506026",
            "region": "us-east-1",
            "tags": null,
            "tags_all": {}
          },
          "sensitive_attributes": [],
          "identity_schema_version": 0,
          "identity": {
            "account_id": "387364506026",
            "id": "vpc-05dfa9f926528a034",
            "region": "us-east-1"
          },
          "private": "eyJzY2hlbWFfdmVyc2lvbiI6IjEifQ=="
        }
      ]
    }
  ],
  "check_results": null
}
